// !$*UTF8*$!
{
	archiveVersion = 1;
	classes = {
	};
	objectVersion = 77;
	objects = {

/* Begin PBXBuildFile section */
		3B649FA5F42071ECABD33B77 /* HangarTests.swift in Sources */ = {isa = PBXBuildFile; fileRef = 03E829474C743DDE501AB829 /* HangarTests.swift */; };
		67C914BAFFE9A33D12679C1D /* HangarKit in Frameworks */ = {isa = PBXBuildFile; productRef = CF692B00C91218FD7C70828C /* HangarKit */; };
		6F47AA565266E0B31F9999EB /* HangarApp.swift in Sources */ = {isa = PBXBuildFile; fileRef = C18B8D45A99B2B02CFA15909 /* HangarApp.swift */; };
		83935650EB45CB267A48E1A2 /* ContentView.swift in Sources */ = {isa = PBXBuildFile; fileRef = E6C3A11DA4E6B153BEAFE776 /* ContentView.swift */; };
		AE6174B4F65589CD3B09AA10 /* SwiftTerm in Frameworks */ = {isa = PBXBuildFile; productRef = 6FC7CBCFC6BF34BF7B5DEA8D /* SwiftTerm */; };
		B65CE6B9CA4968CB40E572CB /* Assets.xcassets in Resources */ = {isa = PBXBuildFile; fileRef = 6A842885D79290A8C65C068B /* Assets.xcassets */; };
		EB325232CC59F02BAC87FD09 /* Sparkle in Frameworks */ = {isa = PBXBuildFile; productRef = 93D125A5DBA0E1E3D1402205 /* Sparkle */; };
		F47D1B0AD990B5FCDF51DD25 /* HangarCore in Frameworks */ = {isa = PBXBuildFile; productRef = A9EF71897793C7B778F0C8B8 /* HangarCore */; };
/* End PBXBuildFile section */

/* Begin PBXContainerItemProxy section */
		332EEE311FEDD2470FCF34AA /* PBXContainerItemProxy */ = {
			isa = PBXContainerItemProxy;
			containerPortal = 070A985CABCFA335961E390C /* Project object */;
			proxyType = 1;
			remoteGlobalIDString = 725B2FD093DF6AA7E01F425F;
			remoteInfo = Hangar;
		};
/* End PBXContainerItemProxy section */

/* Begin PBXFileReference section */
		002D090408AA09A830098737 /* terminal */ = {isa = PBXFileReference; lastKnownFileType = folder; name = terminal; path = .; sourceTree = SOURCE_ROOT; };
		03E829474C743DDE501AB829 /* HangarTests.swift */ = {isa = PBXFileReference; lastKnownFileType = sourcecode.swift; path = HangarTests.swift; sourceTree = "<group>"; };
		075FE6AFCCE19070AADD85F3 /* HangarTests.xctest */ = {isa = PBXFileReference; explicitFileType = wrapper.cfbundle; includeInIndex = 0; path = HangarTests.xctest; sourceTree = BUILT_PRODUCTS_DIR; };
		6A842885D79290A8C65C068B /* Assets.xcassets */ = {isa = PBXFileReference; lastKnownFileType = folder.assetcatalog; path = Assets.xcassets; sourceTree = "<group>"; };
		A5DC3005888DBC9B44B5697E /* Hangar.app */ = {isa = PBXFileReference; explicitFileType = wrapper.application; includeInIndex = 0; path = Hangar.app; sourceTree = BUILT_PRODUCTS_DIR; };
		C18B8D45A99B2B02CFA15909 /* HangarApp.swift */ = {isa = PBXFileReference; lastKnownFileType = sourcecode.swift; path = HangarApp.swift; sourceTree = "<group>"; };
		E6C3A11DA4E6B153BEAFE776 /* ContentView.swift */ = {isa = PBXFileReference; lastKnownFileType = sourcecode.swift; path = ContentView.swift; sourceTree = "<group>"; };
		EFF64804612E015B5503BA68 /* Info.plist */ = {isa = PBXFileReference; lastKnownFileType = text.plist; path = Info.plist; sourceTree = "<group>"; };
		"TEMP_3F552310-91F4-4DE7-B98D-750122ABAEE9" /* terminal */ = {isa = PBXFileReference; lastKnownFileType = folder; name = terminal; path = .; sourceTree = SOURCE_ROOT; };
/* End PBXFileReference section */

/* Begin PBXFrameworksBuildPhase section */
		709F034B96517FDC738AE032 /* Frameworks */ = {
			isa = PBXFrameworksBuildPhase;
			buildActionMask = 2147483647;
			files = (
				F47D1B0AD990B5FCDF51DD25 /* HangarCore in Frameworks */,
				67C914BAFFE9A33D12679C1D /* HangarKit in Frameworks */,
				AE6174B4F65589CD3B09AA10 /* SwiftTerm in Frameworks */,
				EB325232CC59F02BAC87FD09 /* Sparkle in Frameworks */,
			);
			runOnlyForDeploymentPostprocessing = 0;
		};
/* End PBXFrameworksBuildPhase section */

/* Begin PBXGroup section */
		0BC73526F40306377CFC786F = {
			isa = PBXGroup;
			children = (
				5F4C770671BBD80C6891DAD5 /* Hangar */,
				946CF0E337FD64E14DE064CD /* Packages */,
				3F37E213A571CC72E4218171 /* Tests */,
				3B6D4E977F74F9D651E03C8E /* Products */,
			);
			sourceTree = "<group>";
		};
		3B6D4E977F74F9D651E03C8E /* Products */ = {
			isa = PBXGroup;
			children = (
				A5DC3005888DBC9B44B5697E /* Hangar.app */,
				075FE6AFCCE19070AADD85F3 /* HangarTests.xctest */,
			);
			name = Products;
			sourceTree = "<group>";
		};
		3F37E213A571CC72E4218171 /* Tests */ = {
			isa = PBXGroup;
			children = (
				516342BD385EC359A71005F8 /* HangarTests */,
			);
			path = Tests;
			sourceTree = "<group>";
		};
		516342BD385EC359A71005F8 /* HangarTests */ = {
			isa = PBXGroup;
			children = (
				03E829474C743DDE501AB829 /* HangarTests.swift */,
			);
			path = HangarTests;
			sourceTree = "<group>";
		};
		5F4C770671BBD80C6891DAD5 /* Hangar */ = {
			isa = PBXGroup;
			children = (
				6A842885D79290A8C65C068B /* Assets.xcassets */,
				E6C3A11DA4E6B153BEAFE776 /* ContentView.swift */,
				C18B8D45A99B2B02CFA15909 /* HangarApp.swift */,
				EFF64804612E015B5503BA68 /* Info.plist */,
			);
			path = Hangar;
			sourceTree = "<group>";
		};
		946CF0E337FD64E14DE064CD /* Packages */ = {
			isa = PBXGroup;
			children = (
				002D090408AA09A830098737 /* terminal */,
			);
			name = Packages;
			sourceTree = "<group>";
		};
/* End PBXGroup section */

/* Begin PBXNativeTarget section */
		725B2FD093DF6AA7E01F425F /* Hangar */ = {
			isa = PBXNativeTarget;
			buildConfigurationList = 0424338E434024227B612FE9 /* Build configuration list for PBXNativeTarget "Hangar" */;
			buildPhases = (
				1C977E99E350038BD755BEFB /* Sources */,
				863BCBE46190FB6B80A62558 /* Resources */,
				709F034B96517FDC738AE032 /* Frameworks */,
			);
			buildRules = (
			);
			dependencies = (
			);
			name = Hangar;
			packageProductDependencies = (
				A9EF71897793C7B778F0C8B8 /* HangarCore */,
				CF692B00C91218FD7C70828C /* HangarKit */,
				6FC7CBCFC6BF34BF7B5DEA8D /* SwiftTerm */,
				93D125A5DBA0E1E3D1402205 /* Sparkle */,
			);
			productName = Hangar;
			productReference = A5DC3005888DBC9B44B5697E /* Hangar.app */;
			productType = "com.apple.product-type.application";
		};
		E9CAA484718A4F8920A08393 /* HangarTests */ = {
			isa = PBXNativeTarget;
			buildConfigurationList = E589BD664EFCD8CD2596652F /* Build configuration list for PBXNativeTarget "HangarTests" */;
			buildPhases = (
				494C037097B24AA64870B309 /* Sources */,
			);
			buildRules = (
			);
			dependencies = (
				F29D88F81638F31E45DAB7DD /* PBXTargetDependency */,
			);
			name = HangarTests;
			packageProductDependencies = (
			);
			productName = HangarTests;
			productReference = 075FE6AFCCE19070AADD85F3 /* HangarTests.xctest */;
			productType = "com.apple.product-type.bundle.unit-test";
		};
/* End PBXNativeTarget section */

/* Begin PBXProject section */
		070A985CABCFA335961E390C /* Project object */ = {
			isa = PBXProject;
			attributes = {
				BuildIndependentTargetsInParallel = YES;
				LastUpgradeCheck = 1430;
				TargetAttributes = {
					725B2FD093DF6AA7E01F425F = {
						DevelopmentTeam = 9F2JXY8TCK;
						ProvisioningStyle = Manual;
					};
					E9CAA484718A4F8920A08393 = {
						DevelopmentTeam = 9F2JXY8TCK;
						ProvisioningStyle = Manual;
					};
				};
			};
			buildConfigurationList = 6D0CAAFE9DD01E736606C398 /* Build configuration list for PBXProject "Hangar" */;
			developmentRegion = en;
			hasScannedForEncodings = 0;
			knownRegions = (
				Base,
				en,
			);
			mainGroup = 0BC73526F40306377CFC786F;
			minimizedProjectReferenceProxies = 1;
			packageReferences = (
				43CAEA57EA6DBD1ED64C220C /* XCRemoteSwiftPackageReference "GRDB.swift" */,
				7C6B4ED61AC676BA5CD66D85 /* XCRemoteSwiftPackageReference "Sparkle" */,
				B46C6BC2BE65CA38585A14D9 /* XCRemoteSwiftPackageReference "SwiftTerm" */,
				72B9012E46CA675ACBCD95DB /* XCLocalSwiftPackageReference "." */,
				C9048EE7D18740D20B2166A5 /* XCLocalSwiftPackageReference "." */,
			);
			preferredProjectObjectVersion = 77;
			productRefGroup = 3B6D4E977F74F9D651E03C8E /* Products */;
			projectDirPath = "";
			projectRoot = "";
			targets = (
				725B2FD093DF6AA7E01F425F /* Hangar */,
				E9CAA484718A4F8920A08393 /* HangarTests */,
			);
		};
/* End PBXProject section */

/* Begin PBXResourcesBuildPhase section */
		863BCBE46190FB6B80A62558 /* Resources */ = {
			isa = PBXResourcesBuildPhase;
			buildActionMask = 2147483647;
			files = (
				B65CE6B9CA4968CB40E572CB /* Assets.xcassets in Resources */,
			);
			runOnlyForDeploymentPostprocessing = 0;
		};
/* End PBXResourcesBuildPhase section */

/* Begin PBXSourcesBuildPhase section */
		1C977E99E350038BD755BEFB /* Sources */ = {
			isa = PBXSourcesBuildPhase;
			buildActionMask = 2147483647;
			files = (
				83935650EB45CB267A48E1A2 /* ContentView.swift in Sources */,
				6F47AA565266E0B31F9999EB /* HangarApp.swift in Sources */,
			);
			runOnlyForDeploymentPostprocessing = 0;
		};
		494C037097B24AA64870B309 /* Sources */ = {
			isa = PBXSourcesBuildPhase;
			buildActionMask = 2147483647;
			files = (
				3B649FA5F42071ECABD33B77 /* HangarTests.swift in Sources */,
			);
			runOnlyForDeploymentPostprocessing = 0;
		};
/* End PBXSourcesBuildPhase section */

/* Begin PBXTargetDependency section */
		F29D88F81638F31E45DAB7DD /* PBXTargetDependency */ = {
			isa = PBXTargetDependency;
			target = 725B2FD093DF6AA7E01F425F /* Hangar */;
			targetProxy = 332EEE311FEDD2470FCF34AA /* PBXContainerItemProxy */;
		};
/* End PBXTargetDependency section */

/* Begin XCBuildConfiguration section */
		885E7337D8BDBF6E6DDFAAA1 /* Debug */ = {
			isa = XCBuildConfiguration;
			buildSettings = {
				ALWAYS_SEARCH_USER_PATHS = NO;
				CLANG_ANALYZER_NONNULL = YES;
				CLANG_ANALYZER_NUMBER_OBJECT_CONVERSION = YES_AGGRESSIVE;
				CLANG_CXX_LANGUAGE_STANDARD = "gnu++14";
				CLANG_CXX_LIBRARY = "libc++";
				CLANG_ENABLE_MODULES = YES;
				CLANG_ENABLE_OBJC_ARC = YES;
				CLANG_ENABLE_OBJC_WEAK = YES;
				CLANG_WARN_BLOCK_CAPTURE_AUTORELEASING = YES;
				CLANG_WARN_BOOL_CONVERSION = YES;
				CLANG_WARN_COMMA = YES;
				CLANG_WARN_CONSTANT_CONVERSION = YES;
				CLANG_WARN_DEPRECATED_OBJC_IMPLEMENTATIONS = YES;
				CLANG_WARN_DIRECT_OBJC_ISA_USAGE = YES_ERROR;
				CLANG_WARN_DOCUMENTATION_COMMENTS = YES;
				CLANG_WARN_EMPTY_BODY = YES;
				CLANG_WARN_ENUM_CONVERSION = YES;
				CLANG_WARN_INFINITE_RECURSION = YES;
				CLANG_WARN_INT_CONVERSION = YES;
				CLANG_WARN_NON_LITERAL_NULL_CONVERSION = YES;
				CLANG_WARN_OBJC_IMPLICIT_RETAIN_SELF = YES;
				CLANG_WARN_OBJC_LITERAL_CONVERSION = YES;
				CLANG_WARN_OBJC_ROOT_CLASS = YES_ERROR;
				CLANG_WARN_QUOTED_INCLUDE_IN_FRAMEWORK_HEADER = YES;
				CLANG_WARN_RANGE_LOOP_ANALYSIS = YES;
				CLANG_WARN_STRICT_PROTOTYPES = YES;
				CLANG_WARN_SUSPICIOUS_MOVE = YES;
				CLANG_WARN_UNGUARDED_AVAILABILITY = YES_AGGRESSIVE;
				CLANG_WARN_UNREACHABLE_CODE = YES;
				CLANG_WARN__DUPLICATE_METHOD_MATCH = YES;
				CODE_SIGN_STYLE = Manual;
				COPY_PHASE_STRIP = NO;
				CURRENT_PROJECT_VERSION = 2;
				DEBUG_INFORMATION_FORMAT = dwarf;
				DEVELOPMENT_TEAM = 9F2JXY8TCK;
				ENABLE_HARDENED_RUNTIME = YES;
				ENABLE_STRICT_OBJC_MSGSEND = YES;
				ENABLE_TESTABILITY = YES;
				ENABLE_USER_SCRIPT_SANDBOXING = NO;
				GCC_C_LANGUAGE_STANDARD = gnu11;
				GCC_DYNAMIC_NO_PIC = NO;
				GCC_NO_COMMON_BLOCKS = YES;
				GCC_OPTIMIZATION_LEVEL = 0;
				GCC_PREPROCESSOR_DEFINITIONS = (
					"$(inherited)",
					"DEBUG=1",
				);
				GCC_TREAT_WARNINGS_AS_ERRORS = NO;
				GCC_WARN_64_TO_32_BIT_CONVERSION = YES;
				GCC_WARN_ABOUT_RETURN_TYPE = YES_ERROR;
				GCC_WARN_UNDECLARED_SELECTOR = YES;
				GCC_WARN_UNINITIALIZED_AUTOS = YES_AGGRESSIVE;
				GCC_WARN_UNUSED_FUNCTION = YES;
				GCC_WARN_UNUSED_VARIABLE = YES;
				MACOSX_DEPLOYMENT_TARGET = 15.0;
				MARKETING_VERSION = 0.1.1;
				MTL_ENABLE_DEBUG_INFO = INCLUDE_SOURCE;
				MTL_FAST_MATH = YES;
				ONLY_ACTIVE_ARCH = YES;
				PRODUCT_NAME = "$(TARGET_NAME)";
				SDKROOT = macosx;
				SWIFT_ACTIVE_COMPILATION_CONDITIONS = DEBUG;
				SWIFT_OPTIMIZATION_LEVEL = "-Onone";
				SWIFT_STRICT_CONCURRENCY = complete;
				SWIFT_TREAT_WARNINGS_AS_ERRORS = NO;
				SWIFT_VERSION = 6.0;
			};
			name = Debug;
		};
		94D9BD3D281BF4B72762958E /* Debug */ = {
			isa = XCBuildConfiguration;
			buildSettings = {
				ASSETCATALOG_COMPILER_APPICON_NAME = AppIcon;
				CODE_SIGN_ENTITLEMENTS = Hangar/Hangar.entitlements;
				COMBINE_HIDPI_IMAGES = YES;
				ENABLE_HARDENED_RUNTIME = YES;
				GENERATE_INFOPLIST_FILE = NO;
				INFOPLIST_FILE = Hangar/Info.plist;
				LD_RUNPATH_SEARCH_PATHS = (
					"$(inherited)",
					"@executable_path/../Frameworks",
				);
				PRODUCT_BUNDLE_IDENTIFIER = dev.robcourson.hangar;
				PRODUCT_NAME = Hangar;
				SDKROOT = macosx;
			};
			name = Debug;
		};
		9FDBDDB1E3E12353B33157B3 /* Release */ = {
			isa = XCBuildConfiguration;
			buildSettings = {
				BUNDLE_LOADER = "$(TEST_HOST)";
				COMBINE_HIDPI_IMAGES = YES;
				LD_RUNPATH_SEARCH_PATHS = (
					"$(inherited)",
					"@executable_path/../Frameworks",
					"@loader_path/../Frameworks",
				);
				PRODUCT_BUNDLE_IDENTIFIER = dev.robcourson.HangarTests;
				SDKROOT = macosx;
				TEST_HOST = "$(BUILT_PRODUCTS_DIR)/Hangar.app/Contents/MacOS/Hangar";
			};
			name = Release;
		};
		AD19E88F5CA89C347AF88971 /* Release */ = {
			isa = XCBuildConfiguration;
			buildSettings = {
				ASSETCATALOG_COMPILER_APPICON_NAME = AppIcon;
				CODE_SIGN_ENTITLEMENTS = Hangar/Hangar.entitlements;
				COMBINE_HIDPI_IMAGES = YES;
				ENABLE_HARDENED_RUNTIME = YES;
				GENERATE_INFOPLIST_FILE = NO;
				INFOPLIST_FILE = Hangar/Info.plist;
				LD_RUNPATH_SEARCH_PATHS = (
					"$(inherited)",
					"@executable_path/../Frameworks",
				);
				PRODUCT_BUNDLE_IDENTIFIER = dev.robcourson.hangar;
				PRODUCT_NAME = Hangar;
				SDKROOT = macosx;
			};
			name = Release;
		};
		E45A9A2C981572B5AE4C85EC /* Release */ = {
			isa = XCBuildConfiguration;
			buildSettings = {
				ALWAYS_SEARCH_USER_PATHS = NO;
				CLANG_ANALYZER_NONNULL = YES;
				CLANG_ANALYZER_NUMBER_OBJECT_CONVERSION = YES_AGGRESSIVE;
				CLANG_CXX_LANGUAGE_STANDARD = "gnu++14";
				CLANG_CXX_LIBRARY = "libc++";
				CLANG_ENABLE_MODULES = YES;
				CLANG_ENABLE_OBJC_ARC = YES;
				CLANG_ENABLE_OBJC_WEAK = YES;
				CLANG_WARN_BLOCK_CAPTURE_AUTORELEASING = YES;
				CLANG_WARN_BOOL_CONVERSION = YES;
				CLANG_WARN_COMMA = YES;
				CLANG_WARN_CONSTANT_CONVERSION = YES;
				CLANG_WARN_DEPRECATED_OBJC_IMPLEMENTATIONS = YES;
				CLANG_WARN_DIRECT_OBJC_ISA_USAGE = YES_ERROR;
				CLANG_WARN_DOCUMENTATION_COMMENTS = YES;
				CLANG_WARN_EMPTY_BODY = YES;
				CLANG_WARN_ENUM_CONVERSION = YES;
				CLANG_WARN_INFINITE_RECURSION = YES;
				CLANG_WARN_INT_CONVERSION = YES;
				CLANG_WARN_NON_LITERAL_NULL_CONVERSION = YES;
				CLANG_WARN_OBJC_IMPLICIT_RETAIN_SELF = YES;
				CLANG_WARN_OBJC_LITERAL_CONVERSION = YES;
				CLANG_WARN_OBJC_ROOT_CLASS = YES_ERROR;
				CLANG_WARN_QUOTED_INCLUDE_IN_FRAMEWORK_HEADER = YES;
				CLANG_WARN_RANGE_LOOP_ANALYSIS = YES;
				CLANG_WARN_STRICT_PROTOTYPES = YES;
				CLANG_WARN_SUSPICIOUS_MOVE = YES;
				CLANG_WARN_UNGUARDED_AVAILABILITY = YES_AGGRESSIVE;
				CLANG_WARN_UNREACHABLE_CODE = YES;
				CLANG_WARN__DUPLICATE_METHOD_MATCH = YES;
				CODE_SIGN_STYLE = Manual;
				COPY_PHASE_STRIP = NO;
				CURRENT_PROJECT_VERSION = 2;
				DEBUG_INFORMATION_FORMAT = "dwarf-with-dsym";
				DEVELOPMENT_TEAM = 9F2JXY8TCK;
				ENABLE_HARDENED_RUNTIME = YES;
				ENABLE_NS_ASSERTIONS = NO;
				ENABLE_STRICT_OBJC_MSGSEND = YES;
				ENABLE_USER_SCRIPT_SANDBOXING = NO;
				GCC_C_LANGUAGE_STANDARD = gnu11;
				GCC_NO_COMMON_BLOCKS = YES;
				GCC_TREAT_WARNINGS_AS_ERRORS = NO;
				GCC_WARN_64_TO_32_BIT_CONVERSION = YES;
				GCC_WARN_ABOUT_RETURN_TYPE = YES_ERROR;
				GCC_WARN_UNDECLARED_SELECTOR = YES;
				GCC_WARN_UNINITIALIZED_AUTOS = YES_AGGRESSIVE;
				GCC_WARN_UNUSED_FUNCTION = YES;
				GCC_WARN_UNUSED_VARIABLE = YES;
				MACOSX_DEPLOYMENT_TARGET = 15.0;
				MARKETING_VERSION = 0.1.1;
				MTL_ENABLE_DEBUG_INFO = NO;
				MTL_FAST_MATH = YES;
				PRODUCT_NAME = "$(TARGET_NAME)";
				SDKROOT = macosx;
				SWIFT_COMPILATION_MODE = wholemodule;
				SWIFT_OPTIMIZATION_LEVEL = "-O";
				SWIFT_STRICT_CONCURRENCY = complete;
				SWIFT_TREAT_WARNINGS_AS_ERRORS = NO;
				SWIFT_VERSION = 6.0;
			};
			name = Release;
		};
		FF2F76004F9F13B2AC0F1F0A /* Debug */ = {
			isa = XCBuildConfiguration;
			buildSettings = {
				BUNDLE_LOADER = "$(TEST_HOST)";
				COMBINE_HIDPI_IMAGES = YES;
				LD_RUNPATH_SEARCH_PATHS = (
					"$(inherited)",
					"@executable_path/../Frameworks",
					"@loader_path/../Frameworks",
				);
				PRODUCT_BUNDLE_IDENTIFIER = dev.robcourson.HangarTests;
				SDKROOT = macosx;
				TEST_HOST = "$(BUILT_PRODUCTS_DIR)/Hangar.app/Contents/MacOS/Hangar";
			};
			name = Debug;
		};
/* End XCBuildConfiguration section */

/* Begin XCConfigurationList section */
		0424338E434024227B612FE9 /* Build configuration list for PBXNativeTarget "Hangar" */ = {
			isa = XCConfigurationList;
			buildConfigurations = (
				94D9BD3D281BF4B72762958E /* Debug */,
				AD19E88F5CA89C347AF88971 /* Release */,
			);
			defaultConfigurationIsVisible = 0;
			defaultConfigurationName = Debug;
		};
		6D0CAAFE9DD01E736606C398 /* Build configuration list for PBXProject "Hangar" */ = {
			isa = XCConfigurationList;
			buildConfigurations = (
				885E7337D8BDBF6E6DDFAAA1 /* Debug */,
				E45A9A2C981572B5AE4C85EC /* Release */,
			);
			defaultConfigurationIsVisible = 0;
			defaultConfigurationName = Debug;
		};
		E589BD664EFCD8CD2596652F /* Build configuration list for PBXNativeTarget "HangarTests" */ = {
			isa = XCConfigurationList;
			buildConfigurations = (
				FF2F76004F9F13B2AC0F1F0A /* Debug */,
				9FDBDDB1E3E12353B33157B3 /* Release */,
			);
			defaultConfigurationIsVisible = 0;
			defaultConfigurationName = Debug;
		};
/* End XCConfigurationList section */

/* Begin XCLocalSwiftPackageReference section */
		72B9012E46CA675ACBCD95DB /* XCLocalSwiftPackageReference "." */ = {
			isa = XCLocalSwiftPackageReference;
			relativePath = .;
		};
		C9048EE7D18740D20B2166A5 /* XCLocalSwiftPackageReference "." */ = {
			isa = XCLocalSwiftPackageReference;
			relativePath = .;
		};
/* End XCLocalSwiftPackageReference section */

/* Begin XCRemoteSwiftPackageReference section */
		43CAEA57EA6DBD1ED64C220C /* XCRemoteSwiftPackageReference "GRDB.swift" */ = {
			isa = XCRemoteSwiftPackageReference;
			repositoryURL = "https://github.com/groue/GRDB.swift";
			requirement = {
				kind = upToNextMajorVersion;
				minimumVersion = 7.0.0;
			};
		};
		7C6B4ED61AC676BA5CD66D85 /* XCRemoteSwiftPackageReference "Sparkle" */ = {
			isa = XCRemoteSwiftPackageReference;
			repositoryURL = "https://github.com/sparkle-project/Sparkle";
			requirement = {
				kind = upToNextMajorVersion;
				minimumVersion = 2.6.0;
			};
		};
		B46C6BC2BE65CA38585A14D9 /* XCRemoteSwiftPackageReference "SwiftTerm" */ = {
			isa = XCRemoteSwiftPackageReference;
			repositoryURL = "https://github.com/migueldeicaza/SwiftTerm";
			requirement = {
				kind = upToNextMajorVersion;
				minimumVersion = 1.2.0;
			};
		};
/* End XCRemoteSwiftPackageReference section */

/* Begin XCSwiftPackageProductDependency section */
		6FC7CBCFC6BF34BF7B5DEA8D /* SwiftTerm */ = {
			isa = XCSwiftPackageProductDependency;
			package = B46C6BC2BE65CA38585A14D9 /* XCRemoteSwiftPackageReference "SwiftTerm" */;
			productName = SwiftTerm;
		};
		93D125A5DBA0E1E3D1402205 /* Sparkle */ = {
			isa = XCSwiftPackageProductDependency;
			package = 7C6B4ED61AC676BA5CD66D85 /* XCRemoteSwiftPackageReference "Sparkle" */;
			productName = Sparkle;
		};
		A9EF71897793C7B778F0C8B8 /* HangarCore */ = {
			isa = XCSwiftPackageProductDependency;
			productName = HangarCore;
		};
		CF692B00C91218FD7C70828C /* HangarKit */ = {
			isa = XCSwiftPackageProductDependency;
			productName = HangarKit;
		};
/* End XCSwiftPackageProductDependency section */
	};
	rootObject = 070A985CABCFA335961E390C /* Project object */;
}
